
Microsoft Visual Studio Solution File, Format Version 12.00
# Visual Studio Version 17
VisualStudioVersion = 17.4.33213.308
MinimumVisualStudioVersion = 10.0.40219.1
Project("{FAE04EC0-301F-11D3-BF4B-00C04F79EFBC}") = "Matrix", "Matrix\Matrix.csproj", "{DDEE65FA-9C3E-4094-A37C-F469AF9F4B82}"
EndProject
Global
	GlobalSection(SolutionConfigurationPlatforms) = preSolution
		Debug|Any CPU = Debug|Any CPU
		Release|Any CPU = Release|Any CPU
	EndGlobalSection
	GlobalSection(ProjectConfigurationPlatforms) = postSolution
		{DDEE65FA-9C3E-4094-A37C-F469AF9F4B82}.Debug|Any CPU.ActiveCfg = Debug|Any CPU
		{DDEE65FA-9C3E-4094-A37C-F469AF9F4B82}.Debug|Any CPU.Build.0 = Debug|Any CPU
		{DDEE65FA-9C3E-4094-A37C-F469AF9F4B82}.Release|Any CPU.ActiveCfg = Release|Any CPU
		{DDEE65FA-9C3E-4094-A37C-F469AF9F4B82}.Release|Any CPU.Build.0 = Release|Any CPU
	EndGlobalSection
	GlobalSection(SolutionProperties) = preSolution
		HideSolutionNode = FALSE
	EndGlobalSection
	GlobalSection(ExtensibilityGlobals) = postSolution
		SolutionGuid = {37DB1687-22B2-4D3D-AF07-B7324AAC1DE2}
	EndGlobalSection
EndGlobal
