
Microsoft Visual Studio Solution File, Format Version 12.00
# Visual Studio Version 17
VisualStudioVersion = 17.3.32929.385
MinimumVisualStudioVersion = 10.0.40219.1
Project("{FAE04EC0-301F-11D3-BF4B-00C04F79EFBC}") = "Matrix", "Matrix\Matrix.csproj", "{98F22441-EDD4-46ED-A4A0-1508E5E12115}"
EndProject
Global
	GlobalSection(SolutionConfigurationPlatforms) = preSolution
		Debug|Any CPU = Debug|Any CPU
		Release|Any CPU = Release|Any CPU
	EndGlobalSection
	GlobalSection(ProjectConfigurationPlatforms) = postSolution
		{98F22441-EDD4-46ED-A4A0-1508E5E12115}.Debug|Any CPU.ActiveCfg = Debug|Any CPU
		{98F22441-EDD4-46ED-A4A0-1508E5E12115}.Debug|Any CPU.Build.0 = Debug|Any CPU
		{98F22441-EDD4-46ED-A4A0-1508E5E12115}.Release|Any CPU.ActiveCfg = Release|Any CPU
		{98F22441-EDD4-46ED-A4A0-1508E5E12115}.Release|Any CPU.Build.0 = Release|Any CPU
	EndGlobalSection
	GlobalSection(SolutionProperties) = preSolution
		HideSolutionNode = FALSE
	EndGlobalSection
	GlobalSection(ExtensibilityGlobals) = postSolution
		SolutionGuid = {0B984FF0-1D47-46C2-8219-7853F8D808EC}
	EndGlobalSection
EndGlobal
