
Microsoft Visual Studio Solution File, Format Version 12.00
# Visual Studio Version 17
VisualStudioVersion = 17.3.32929.385
MinimumVisualStudioVersion = 10.0.40219.1
Project("{9A19103F-16F7-4668-BE54-9A1E7A4F7556}") = "Matrix", "Matrix\Matrix.csproj", "{5B1847A9-0E80-4C2B-885E-07EFE7A8E6AF}"
EndProject
Global
	GlobalSection(SolutionConfigurationPlatforms) = preSolution
		Debug|Any CPU = Debug|Any CPU
		Release|Any CPU = Release|Any CPU
	EndGlobalSection
	GlobalSection(ProjectConfigurationPlatforms) = postSolution
		{5B1847A9-0E80-4C2B-885E-07EFE7A8E6AF}.Debug|Any CPU.ActiveCfg = Debug|Any CPU
		{5B1847A9-0E80-4C2B-885E-07EFE7A8E6AF}.Debug|Any CPU.Build.0 = Debug|Any CPU
		{5B1847A9-0E80-4C2B-885E-07EFE7A8E6AF}.Release|Any CPU.ActiveCfg = Release|Any CPU
		{5B1847A9-0E80-4C2B-885E-07EFE7A8E6AF}.Release|Any CPU.Build.0 = Release|Any CPU
	EndGlobalSection
	GlobalSection(SolutionProperties) = preSolution
		HideSolutionNode = FALSE
	EndGlobalSection
	GlobalSection(ExtensibilityGlobals) = postSolution
		SolutionGuid = {4EB6AA69-EC0F-4552-AA9E-A16F2E0707A9}
	EndGlobalSection
EndGlobal
