
Microsoft Visual Studio Solution File, Format Version 12.00
# Visual Studio Version 17
VisualStudioVersion = 17.3.32901.215
MinimumVisualStudioVersion = 10.0.40219.1
Project("{FAE04EC0-301F-11D3-BF4B-00C04F79EFBC}") = "Matrix", "Matrix\Matrix.csproj", "{D16CB66F-D8C4-4165-B125-D8F2BC8DBC95}"
EndProject
Global
	GlobalSection(SolutionConfigurationPlatforms) = preSolution
		Debug|Any CPU = Debug|Any CPU
		Release|Any CPU = Release|Any CPU
	EndGlobalSection
	GlobalSection(ProjectConfigurationPlatforms) = postSolution
		{D16CB66F-D8C4-4165-B125-D8F2BC8DBC95}.Debug|Any CPU.ActiveCfg = Debug|Any CPU
		{D16CB66F-D8C4-4165-B125-D8F2BC8DBC95}.Debug|Any CPU.Build.0 = Debug|Any CPU
		{D16CB66F-D8C4-4165-B125-D8F2BC8DBC95}.Release|Any CPU.ActiveCfg = Release|Any CPU
		{D16CB66F-D8C4-4165-B125-D8F2BC8DBC95}.Release|Any CPU.Build.0 = Release|Any CPU
	EndGlobalSection
	GlobalSection(SolutionProperties) = preSolution
		HideSolutionNode = FALSE
	EndGlobalSection
	GlobalSection(ExtensibilityGlobals) = postSolution
		SolutionGuid = {52C8A022-4D4D-4481-8A5B-DE3321CD70B0}
	EndGlobalSection
EndGlobal
