
Microsoft Visual Studio Solution File, Format Version 12.00
# Visual Studio Version 17
VisualStudioVersion = 17.4.33205.214
MinimumVisualStudioVersion = 10.0.40219.1
Project("{FAE04EC0-301F-11D3-BF4B-00C04F79EFBC}") = "Matrix", "Matrix.csproj", "{FD1CDFDD-C852-499F-8B3C-5B95880D8C43}"
EndProject
Project("{FAE04EC0-301F-11D3-BF4B-00C04F79EFBC}") = "WorkWithMatrix", "..\WorkWithMatrix\WorkWithMatrix.csproj", "{CE7DD332-E702-4A83-BB62-A76E3085E452}"
EndProject
Global
	GlobalSection(SolutionConfigurationPlatforms) = preSolution
		Debug|Any CPU = Debug|Any CPU
		Release|Any CPU = Release|Any CPU
	EndGlobalSection
	GlobalSection(ProjectConfigurationPlatforms) = postSolution
		{FD1CDFDD-C852-499F-8B3C-5B95880D8C43}.Debug|Any CPU.ActiveCfg = Debug|Any CPU
		{FD1CDFDD-C852-499F-8B3C-5B95880D8C43}.Debug|Any CPU.Build.0 = Debug|Any CPU
		{FD1CDFDD-C852-499F-8B3C-5B95880D8C43}.Release|Any CPU.ActiveCfg = Release|Any CPU
		{FD1CDFDD-C852-499F-8B3C-5B95880D8C43}.Release|Any CPU.Build.0 = Release|Any CPU
		{CE7DD332-E702-4A83-BB62-A76E3085E452}.Debug|Any CPU.ActiveCfg = Debug|Any CPU
		{CE7DD332-E702-4A83-BB62-A76E3085E452}.Debug|Any CPU.Build.0 = Debug|Any CPU
		{CE7DD332-E702-4A83-BB62-A76E3085E452}.Release|Any CPU.ActiveCfg = Release|Any CPU
		{CE7DD332-E702-4A83-BB62-A76E3085E452}.Release|Any CPU.Build.0 = Release|Any CPU
	EndGlobalSection
	GlobalSection(SolutionProperties) = preSolution
		HideSolutionNode = FALSE
	EndGlobalSection
	GlobalSection(ExtensibilityGlobals) = postSolution
		SolutionGuid = {0C06EC9C-E802-4F06-BBA2-BF2ADF889122}
	EndGlobalSection
EndGlobal
